
Microsoft Visual Studio Solution File, Format Version 12.00
# Visual Studio Version 16
VisualStudioVersion = 16.0.30523.141
MinimumVisualStudioVersion = 10.0.40219.1
Project("{FAE04EC0-301F-11D3-BF4B-00C04F79EFBC}") = "HRProject", "HRProject\HRProject.csproj", "{638195A4-AA32-46A4-8E8D-48474E98B14A}"
EndProject
Global
	GlobalSection(SolutionConfigurationPlatforms) = preSolution
		Debug|Any CPU = Debug|Any CPU
		Release|Any CPU = Release|Any CPU
	EndGlobalSection
	GlobalSection(ProjectConfigurationPlatforms) = postSolution
		{638195A4-AA32-46A4-8E8D-48474E98B14A}.Debug|Any CPU.ActiveCfg = Debug|Any CPU
		{638195A4-AA32-46A4-8E8D-48474E98B14A}.Debug|Any CPU.Build.0 = Debug|Any CPU
		{638195A4-AA32-46A4-8E8D-48474E98B14A}.Release|Any CPU.ActiveCfg = Release|Any CPU
		{638195A4-AA32-46A4-8E8D-48474E98B14A}.Release|Any CPU.Build.0 = Release|Any CPU
	EndGlobalSection
	GlobalSection(SolutionProperties) = preSolution
		HideSolutionNode = FALSE
	EndGlobalSection
	GlobalSection(ExtensibilityGlobals) = postSolution
		SolutionGuid = {A11E0B46-8736-44EB-8D1F-D4609323F462}
	EndGlobalSection
EndGlobal
